
Microsoft Visual Studio Solution File, Format Version 12.00
# Visual Studio 15
VisualStudioVersion = 15.0.27428.2015
MinimumVisualStudioVersion = 10.0.40219.1
Project("{FAE04EC0-301F-11D3-BF4B-00C04F79EFBC}") = "KataWords", "ConsoleApp1\KataWords.csproj", "{2D007E39-0588-4EE5-AA6C-E9DD3208B8F1}"
EndProject
Project("{FAE04EC0-301F-11D3-BF4B-00C04F79EFBC}") = "KataWordsRefactor", "KataWords2\KataWordsRefactor.csproj", "{4C8D9692-AF60-4313-9812-BA2EC65E9D5B}"
EndProject
Global
	GlobalSection(SolutionConfigurationPlatforms) = preSolution
		Debug|Any CPU = Debug|Any CPU
		Release|Any CPU = Release|Any CPU
	EndGlobalSection
	GlobalSection(ProjectConfigurationPlatforms) = postSolution
		{2D007E39-0588-4EE5-AA6C-E9DD3208B8F1}.Debug|Any CPU.ActiveCfg = Debug|Any CPU
		{2D007E39-0588-4EE5-AA6C-E9DD3208B8F1}.Debug|Any CPU.Build.0 = Debug|Any CPU
		{2D007E39-0588-4EE5-AA6C-E9DD3208B8F1}.Release|Any CPU.ActiveCfg = Release|Any CPU
		{2D007E39-0588-4EE5-AA6C-E9DD3208B8F1}.Release|Any CPU.Build.0 = Release|Any CPU
		{4C8D9692-AF60-4313-9812-BA2EC65E9D5B}.Debug|Any CPU.ActiveCfg = Debug|Any CPU
		{4C8D9692-AF60-4313-9812-BA2EC65E9D5B}.Debug|Any CPU.Build.0 = Debug|Any CPU
		{4C8D9692-AF60-4313-9812-BA2EC65E9D5B}.Release|Any CPU.ActiveCfg = Release|Any CPU
		{4C8D9692-AF60-4313-9812-BA2EC65E9D5B}.Release|Any CPU.Build.0 = Release|Any CPU
	EndGlobalSection
	GlobalSection(SolutionProperties) = preSolution
		HideSolutionNode = FALSE
	EndGlobalSection
	GlobalSection(ExtensibilityGlobals) = postSolution
		SolutionGuid = {C5B3701D-8E5D-43C6-A419-2F7157F236EE}
	EndGlobalSection
EndGlobal
